
Microsoft Visual Studio Solution File, Format Version 12.00
# Visual Studio Version 17
VisualStudioVersion = 17.10.35004.147
MinimumVisualStudioVersion = 10.0.40219.1
Project("{E24C65DC-7377-472B-9ABA-BC803B73C61A}") = "WorldCitiesClient", ".", "{049B59B9-087D-4D60-9293-C3CFF654CEDC}"
	ProjectSection(WebsiteProperties) = preProject
		TargetFrameworkMoniker = ".NETFramework,Version%3Dv4.8.1"
		Debug.AspNetCompiler.VirtualPath = "/localhost_60600"
		Debug.AspNetCompiler.PhysicalPath = "..\WorldCitiesClient\"
		Debug.AspNetCompiler.TargetPath = "PrecompiledWeb\localhost_60600\"
		Debug.AspNetCompiler.Updateable = "true"
		Debug.AspNetCompiler.ForceOverwrite = "true"
		Debug.AspNetCompiler.FixedNames = "false"
		Debug.AspNetCompiler.Debug = "True"
		Release.AspNetCompiler.VirtualPath = "/localhost_60600"
		Release.AspNetCompiler.PhysicalPath = "..\WorldCitiesClient\"
		Release.AspNetCompiler.TargetPath = "PrecompiledWeb\localhost_60600\"
		Release.AspNetCompiler.Updateable = "true"
		Release.AspNetCompiler.ForceOverwrite = "true"
		Release.AspNetCompiler.FixedNames = "false"
		Release.AspNetCompiler.Debug = "False"
		VWDPort = "60600"
		SlnRelativePath = "..\WorldCitiesClient\"
	EndProjectSection
EndProject
Global
	GlobalSection(SolutionConfigurationPlatforms) = preSolution
		Debug|Any CPU = Debug|Any CPU
	EndGlobalSection
	GlobalSection(ProjectConfigurationPlatforms) = postSolution
		{049B59B9-087D-4D60-9293-C3CFF654CEDC}.Debug|Any CPU.ActiveCfg = Debug|Any CPU
		{049B59B9-087D-4D60-9293-C3CFF654CEDC}.Debug|Any CPU.Build.0 = Debug|Any CPU
	EndGlobalSection
	GlobalSection(SolutionProperties) = preSolution
		HideSolutionNode = FALSE
	EndGlobalSection
	GlobalSection(ExtensibilityGlobals) = postSolution
		SolutionGuid = {BC59A286-3FB1-4763-93AC-3D8C7DD4AE2D}
	EndGlobalSection
EndGlobal
